{
  "lockfileVersion": 1,
  "configVersion": 1,
  "workspaces": {
    "": {
      "name": "@mantiq/example-cms-api",
      "dependencies": {
        "@mantiq/auth": "^0.5.0",
        "@mantiq/cli": "^0.5.0",
        "@mantiq/core": "^0.5.0",
        "@mantiq/database": "^0.5.0",
        "@mantiq/events": "^0.5.0",
        "@mantiq/filesystem": "^0.5.0",
        "@mantiq/heartbeat": "^0.5.0",
        "@mantiq/helpers": "^0.5.0",
        "@mantiq/logging": "^0.5.0",
        "@mantiq/mail": "^0.5.0",
        "@mantiq/notify": "^0.5.0",
        "@mantiq/queue": "^0.5.0",
        "@mantiq/search": "^0.5.0",
        "@mantiq/validation": "^0.5.0",
      },
      "devDependencies": {
        "bun-types": "latest",
        "typescript": "^5.7.0",
      },
    },
  },
  "overrides": {
    "@mantiq/cli": "^0.5.0",
    "@mantiq/core": "^0.5.0",
    "@mantiq/database": "^0.5.0",
    "@mantiq/events": "^0.5.0",
    "@mantiq/mail": "^0.5.0",
    "@mantiq/queue": "^0.5.0",
  },
  "packages": {
    "@mantiq/auth": ["@mantiq/auth@0.5.21", "", { "peerDependencies": { "@mantiq/core": "^0.5.0", "@mantiq/database": "^0.5.0" } }, "sha512-0VV6JOmfg36FytNoqgIpxFiLu92si0ij1OFoOpih/G0EJGPkuqM0xPPemjaZ/RQgHA2YBiMLg39sJTxu5Dwpuw=="],

    "@mantiq/cli": ["@mantiq/cli@0.5.21", "", { "peerDependencies": { "@mantiq/core": "^0.5.0", "@mantiq/database": "^0.5.0" }, "bin": { "mantiq": "src/bin.ts" } }, "sha512-4W4Ngh43XpFrFY6vHtv1+MjWGvkOAmwJyaVF2zIDVlxh4+7gIbTSJGwf7yAixorug7CHW/dlqklJKRReLIOn7w=="],

    "@mantiq/core": ["@mantiq/core@0.5.21", "", { "peerDependencies": { "bun": ">=1.1.0", "ioredis": ">=5.0.0", "memjs": ">=1.3.0" }, "optionalPeers": ["ioredis", "memjs"] }, "sha512-jPYJQ7c8yspSUetAuBf4hyc0TCxdJCLhS+O8w7b8jJR1SDBMheJOOvwULxDEOmLYX47XZlqob/7q8qHRqykBPQ=="],

    "@mantiq/database": ["@mantiq/database@0.5.21", "", { "peerDependencies": { "@mantiq/core": "^0.5.0", "mongodb": ">=6", "mssql": ">=10", "mysql2": "", "pg": "" }, "optionalPeers": ["mongodb", "mssql", "mysql2", "pg"] }, "sha512-OzCi89/uRfaP3c2GQ5L0IUPQlq1gUsKzGTdfbnlAXWCcGn7uoPZYk+FvpHdaJHCGffWsZlC+71VL5jQMj72JPA=="],

    "@mantiq/events": ["@mantiq/events@0.5.21", "", { "peerDependencies": { "@mantiq/auth": "^0.5.0", "@mantiq/core": "^0.5.0", "@mantiq/database": "^0.5.0" }, "optionalPeers": ["@mantiq/auth", "@mantiq/database"] }, "sha512-jrujD7VL6UhcJZErTxhnJbZv5vO2e7LCjgh2O9OrSY0fEChgEKTcUYOGMW4bsnDa1FMV4ybTY2vGgKbbEBeHww=="],

    "@mantiq/filesystem": ["@mantiq/filesystem@0.5.21", "", { "peerDependencies": { "@aws-sdk/client-s3": "^3.0.0", "@aws-sdk/s3-request-presigner": "^3.0.0", "@azure/storage-blob": "^12.0.0", "@google-cloud/storage": "^7.0.0", "@mantiq/core": "^0.5.0", "basic-ftp": "^5.0.0", "ssh2-sftp-client": "^11.0.0" }, "optionalPeers": ["@aws-sdk/client-s3", "@aws-sdk/s3-request-presigner", "@azure/storage-blob", "@google-cloud/storage", "basic-ftp", "ssh2-sftp-client"] }, "sha512-6v2u/zfaQR9ulb7q/0/mhWB8MCpdWMqEb9bhjkhbby0rK6lZr02XMH2E97T+oR+rsLnXLMM8M2DUtxS9bUxjTQ=="],

    "@mantiq/heartbeat": ["@mantiq/heartbeat@0.5.21", "", { "peerDependencies": { "@mantiq/cli": "^0.5.0", "@mantiq/core": "^0.5.0", "@mantiq/database": "^0.5.0", "@mantiq/events": "^0.5.0", "@mantiq/logging": "^0.5.0", "@mantiq/queue": "^0.5.0" } }, "sha512-7tNIJBd43/jUeLzP4lvrW3SJd1C2kGLf835Y1PXc2mIdd+6sMJ6NJs5C2P/GADaAhm22z+4D+BPyOBAhX5/lwg=="],

    "@mantiq/helpers": ["@mantiq/helpers@0.5.21", "", {}, "sha512-Otje8QAPYuK2/zZp3DmSi7haHUQum8B/kuf5yDisO6CJ2jZR9g2y5//8CofElI5RYkHJgdwyQvX/67rWWU0Z4A=="],

    "@mantiq/logging": ["@mantiq/logging@0.5.21", "", { "peerDependencies": { "@mantiq/core": "^0.5.0" } }, "sha512-VXn8h1y6D1dAzeE1RNfJhcRjuEiEdeaOyjrE8TSnc3Kqk69jlpfxzuOuOxpdfuyajxADZJgmes7/gUpGum3Ihg=="],

    "@mantiq/mail": ["@mantiq/mail@0.5.21", "", { "optionalDependencies": { "@mantiq/queue": "^0.1.0" }, "peerDependencies": { "@mantiq/core": "^0.5.0" } }, "sha512-RVXf9pGOaa0aY4vCPKE0Hy7wELcmjhIvsTr/twSmWb/K1eHHtbHbdDLv7gkogiTqdhYZQ9xvrf8z40nfMQMpNg=="],

    "@mantiq/notify": ["@mantiq/notify@0.5.21", "", { "peerDependencies": { "@mantiq/cli": "^0.5.0", "@mantiq/core": "^0.5.0", "@mantiq/database": "^0.5.0", "@mantiq/events": "^0.5.0", "@mantiq/mail": "^0.5.0", "@mantiq/queue": "^0.5.0", "@mantiq/realtime": "^0.5.0" } }, "sha512-yij8lNpbM6TQY34COCAlw+eoaKqkd4YzOBtQn7Qyk4aLInyoShbs+Fk87/C4heP5prJJVoKFppGrD0vTHpEsxw=="],

    "@mantiq/queue": ["@mantiq/queue@0.5.21", "", { "peerDependencies": { "@aws-sdk/client-sqs": ">=3.0.0", "@mantiq/cli": "^0.5.0", "@mantiq/core": "^0.5.0", "ioredis": ">=5.0.0", "kafkajs": ">=2.0.0" }, "optionalPeers": ["@aws-sdk/client-sqs", "ioredis", "kafkajs"] }, "sha512-cDWEUvAt+S3tTcGSF4s6AqATenD3oyNt8gHUNZd3wXSoD+oqNtdr9RGpN61cE6yU2AukPtwHbVb3uzlL6hwLwg=="],

    "@mantiq/realtime": ["@mantiq/realtime@0.5.21", "", { "peerDependencies": { "@mantiq/core": "^0.5.0", "@mantiq/events": "^0.5.0" } }, "sha512-GveIJpxLn1HDU0refC3WuLVV69srYZZ1nwOW9eXkafO/p5s5WLjqiAVJCJsdkE7afkkrkutp6Bm5fU6/lzpQJA=="],

    "@mantiq/search": ["@mantiq/search@0.5.21", "", { "peerDependencies": { "@mantiq/core": "^0.5.0", "@mantiq/database": "^0.5.0" } }, "sha512-u4NxqEjXFoDJYLTDCKB6Klyw7lab6g+qWAR8kj367Brglz/NkCxn7CRDX9a/XeUQuwi07AxG15SaWf/N9tVKgA=="],

    "@mantiq/validation": ["@mantiq/validation@0.5.21", "", { "peerDependencies": { "@mantiq/core": "^0.5.0" } }, "sha512-tBAJgf/9TUPe5q6q11VYICWmv1SmBx3U/jZWpkPJZrihsUUgnBAxtMpXo++0z8OIHdn5GM68KOBOX2NyRSSh5w=="],

    "@oven/bun-darwin-aarch64": ["@oven/bun-darwin-aarch64@1.3.11", "", { "os": "darwin", "cpu": "arm64" }, "sha512-/8IzqSu4/OWGRs7Fs2ROzGVwJMFTBQkgAp6sAthkBYoN7OiM4rY/CpPVs2X9w9N1W61CHSkEdNKi8HrLZKfK3g=="],

    "@oven/bun-darwin-x64": ["@oven/bun-darwin-x64@1.3.11", "", { "os": "darwin", "cpu": "x64" }, "sha512-TT7eUihnAzxM2tlZesusuC75PAOYKvUBgVU/Nm/lakZ/DpyuqhNkzUfcxSgmmK9IjVWzMmezLIGZl16XGCGJng=="],

    "@oven/bun-darwin-x64-baseline": ["@oven/bun-darwin-x64-baseline@1.3.11", "", { "os": "darwin", "cpu": "x64" }, "sha512-CYjIHWaQG7T4phfjErHr6BiXRs0K/9DqMeiohJmuYSBF+H2m56vFslOenLCguGYQL9jeiiCZBeoVCpwjxZrMgQ=="],

    "@oven/bun-linux-aarch64": ["@oven/bun-linux-aarch64@1.3.11", "", { "os": "linux", "cpu": "arm64" }, "sha512-8XMLyRNxHF4jfLajkWt+F8UDxsWbzysyxQVMZKUXwoeGvaxB0rVd07r3YbgDtG8U6khhRFM3oaGp+CQ0whwmdA=="],

    "@oven/bun-linux-aarch64-musl": ["@oven/bun-linux-aarch64-musl@1.3.11", "", { "os": "linux", "cpu": "arm64" }, "sha512-jBwYCLG5Eb+PqtFrc3Wp2WMYlw1Id75gUcsdP+ApCOpf5oQhHxkFWCjZmcDoioDmEhMWAiM3wtwSrTlPg+sI6Q=="],

    "@oven/bun-linux-x64": ["@oven/bun-linux-x64@1.3.11", "", { "os": "linux", "cpu": "x64" }, "sha512-z3GFCk1UBzDOOiEBHL32lVP7Edi26BhOjKb6bIc0nRyabbRiyON4++GR0zmd/H5zM5S0+UcXFgCGnD+b8avTLw=="],

    "@oven/bun-linux-x64-baseline": ["@oven/bun-linux-x64-baseline@1.3.11", "", { "os": "linux", "cpu": "x64" }, "sha512-KZlf1jKtf4jai8xiQv/0XRjxVVhHnw/HtUKtLdOeQpTOQ1fQFhLoz2FGGtVRd0LVa/yiRbSz9HlWIzWlmJClng=="],

    "@oven/bun-linux-x64-musl": ["@oven/bun-linux-x64-musl@1.3.11", "", { "os": "linux", "cpu": "x64" }, "sha512-ADImD4yCHNpqZu718E2chWcCaAHvua90yhmpzzV6fF4zOhwkGGbPCgUWmKyJ83uz+DXaPdYxX0ttDvtolrzx3Q=="],

    "@oven/bun-linux-x64-musl-baseline": ["@oven/bun-linux-x64-musl-baseline@1.3.11", "", { "os": "linux", "cpu": "x64" }, "sha512-J+qz4Al05PrNIOdj7xsWVTyx0c/gjUauG5nKV3Rrx0Q+5JO+1pPVlnfNmWbOF9pKG4f3IGad8KXJUfGMORld+Q=="],

    "@oven/bun-windows-aarch64": ["@oven/bun-windows-aarch64@1.3.11", "", { "os": "win32", "cpu": "arm64" }, "sha512-UOdkwScHRkGPz+n9ZJU7sTkTvqV7rD1SLCLaru1xH8WRsV7tDorPqNCzEN1msOIiPRK825nvAtEm9UsomO1GsA=="],

    "@oven/bun-windows-x64": ["@oven/bun-windows-x64@1.3.11", "", { "os": "win32", "cpu": "x64" }, "sha512-E51tyWDP1l0CbjZYhiUxhDGPaY8Hf5YBREx0PHBff1LM1/q3qsJ6ZvRUa8YbbOO0Ax9QP6GHjD9vf3n6bXZ7QA=="],

    "@oven/bun-windows-x64-baseline": ["@oven/bun-windows-x64-baseline@1.3.11", "", { "os": "win32", "cpu": "x64" }, "sha512-cCsXK9AQ9Zf18QlVnbrFu2IKfr4sf2sfbErkF2jfCzyCO9Bnhl0KRx63zlN+Ni1xU7gcBLAssgcui5R400N2eA=="],

    "@types/node": ["@types/node@25.5.0", "", { "dependencies": { "undici-types": "~7.18.0" } }, "sha512-jp2P3tQMSxWugkCUKLRPVUpGaL5MVFwF8RDuSRztfwgN1wmqJeMSbKlnEtQqU8UrhTmzEmZdu2I6v2dpp7XIxw=="],

    "bun": ["bun@1.3.11", "", { "optionalDependencies": { "@oven/bun-darwin-aarch64": "1.3.11", "@oven/bun-darwin-x64": "1.3.11", "@oven/bun-darwin-x64-baseline": "1.3.11", "@oven/bun-linux-aarch64": "1.3.11", "@oven/bun-linux-aarch64-musl": "1.3.11", "@oven/bun-linux-x64": "1.3.11", "@oven/bun-linux-x64-baseline": "1.3.11", "@oven/bun-linux-x64-musl": "1.3.11", "@oven/bun-linux-x64-musl-baseline": "1.3.11", "@oven/bun-windows-aarch64": "1.3.11", "@oven/bun-windows-x64": "1.3.11", "@oven/bun-windows-x64-baseline": "1.3.11" }, "os": [ "linux", "win32", "darwin", ], "cpu": [ "x64", "arm64", ], "bin": { "bun": "bin/bun.exe", "bunx": "bin/bunx.exe" } }, "sha512-AvXWYFO6j/ZQ7bhGm4X6eilq2JHsDVC90ZM32k2B7/srhC2gs3Sdki1QTbwrdRCo8o7eT+167vcB1yzOvPdbjA=="],

    "bun-types": ["bun-types@1.3.11", "", { "dependencies": { "@types/node": "*" } }, "sha512-1KGPpoxQWl9f6wcZh57LvrPIInQMn2TQ7jsgxqpRzg+l0QPOFvJVH7HmvHo/AiPgwXy+/Thf6Ov3EdVn1vOabg=="],

    "typescript": ["typescript@5.9.3", "", { "bin": { "tsc": "bin/tsc", "tsserver": "bin/tsserver" } }, "sha512-jl1vZzPDinLr9eUt3J/t7V6FgNEw9QjvBPdysz9KfQDD41fQrC2Y4vKQdiaUpFT4bXlb1RHhLpp8wtm6M5TgSw=="],

    "undici-types": ["undici-types@7.18.2", "", {}, "sha512-AsuCzffGHJybSaRrmr5eHr81mwJU3kjw6M+uprWvCXiNeN9SOGwQ3Jn8jb8m3Z6izVgknn1R0FTCEAP2QrLY/w=="],
  }
}
